
Microsoft Visual Studio Solution File, Format Version 12.00
# Visual Studio Version 17
VisualStudioVersion = 17.4.33122.133
MinimumVisualStudioVersion = 10.0.40219.1
Project("{FAE04EC0-301F-11D3-BF4B-00C04F79EFBC}") = "OmhsLaw", "OmhsLaw\OmhsLaw.csproj", "{DF6B650A-0BAB-4A54-9655-417C90CB9449}"
EndProject
Global
	GlobalSection(SolutionConfigurationPlatforms) = preSolution
		Debug|Any CPU = Debug|Any CPU
		Release|Any CPU = Release|Any CPU
	EndGlobalSection
	GlobalSection(ProjectConfigurationPlatforms) = postSolution
		{DF6B650A-0BAB-4A54-9655-417C90CB9449}.Debug|Any CPU.ActiveCfg = Debug|Any CPU
		{DF6B650A-0BAB-4A54-9655-417C90CB9449}.Debug|Any CPU.Build.0 = Debug|Any CPU
		{DF6B650A-0BAB-4A54-9655-417C90CB9449}.Release|Any CPU.ActiveCfg = Release|Any CPU
		{DF6B650A-0BAB-4A54-9655-417C90CB9449}.Release|Any CPU.Build.0 = Release|Any CPU
	EndGlobalSection
	GlobalSection(SolutionProperties) = preSolution
		HideSolutionNode = FALSE
	EndGlobalSection
	GlobalSection(ExtensibilityGlobals) = postSolution
		SolutionGuid = {449C8A06-F4ED-4524-81E6-7786085256D0}
	EndGlobalSection
EndGlobal
